{
  "name": "@blcklab/anyo-avatar-viewer",
  "version": "0.2.0-alpha.8",
  "lockfileVersion": 3,
  "requires": true,
  "packages": {
    "": {
      "name": "@blcklab/anyo-avatar-viewer",
      "version": "0.2.0-alpha.8",
      "license": "MIT",
      "devDependencies": {
        "@blcklab/anyo-avatar": "0.2.0",
        "@blcklab/sekai64": "0.8.0-rc.33",
        "typescript": "5.8.3"
      },
      "engines": {
        "node": ">=22.12.0"
      },
      "peerDependencies": {
        "@blcklab/anyo-avatar": "0.2.0",
        "@blcklab/sekai64": "0.8.0-rc.33"
      },
      "peerDependenciesMeta": {
        "@blcklab/anyo-avatar": {
          "optional": true
        },
        "@blcklab/sekai64": {
          "optional": true
        }
      }
    },
    "node_modules/@blcklab/anyo-avatar": {
      "version": "0.2.0",
      "resolved": "https://registry.npmjs.org/@blcklab/anyo-avatar/-/anyo-avatar-0.2.0.tgz",
      "integrity": "sha512-5fsSBiOHYKd+aRhDJFQqBYgmN1D/YcXauhIs6Nvxw2Jn8e9GbF9V9e46DTSjF+P7ypUGgXveYRQBW/UaSB54dw==",
      "dev": true,
      "license": "MIT",
      "engines": {
        "node": ">=22.12.0"
      },
      "peerDependencies": {
        "@blcklab/anyo": ">=0.9.1-0 <0.10.0 || >=0.10.0-0 <1.0.0",
        "@blcklab/anyo-animation": ">=0.1.0 <0.2.0",
        "@blcklab/sekai64": ">=0.8.0-0 <0.9.0"
      },
      "peerDependenciesMeta": {
        "@blcklab/anyo": {
          "optional": true
        },
        "@blcklab/anyo-animation": {
          "optional": true
        },
        "@blcklab/sekai64": {
          "optional": true
        }
      }
    },
    "node_modules/@blcklab/sekai64": {
      "version": "0.8.0-rc.33",
      "resolved": "https://registry.npmjs.org/@blcklab/sekai64/-/sekai64-0.8.0-rc.33.tgz",
      "integrity": "sha512-u7qWVcVXijLIA+Lrr+IDl/hAuIjH3pUjo+QeXHjYpDnkDEwFksdddEfb6FYcJmvSreHX8EW4JcuTXgaBneh37A==",
      "dev": true,
      "license": "MIT",
      "engines": {
        "node": ">=22.12.0"
      }
    },
    "node_modules/typescript": {
      "version": "5.8.3",
      "resolved": "https://registry.npmjs.org/typescript/-/typescript-5.8.3.tgz",
      "integrity": "sha512-p1diW6TqL9L07nNxvRMM7hMMw4c5XOo/1ibL4aAIGmSAt9slTE1Xgw5KWuof2uTOvCg9BY7ZRi+GaF+7sfgPeQ==",
      "dev": true,
      "license": "Apache-2.0",
      "bin": {
        "tsc": "bin/tsc",
        "tsserver": "bin/tsserver"
      },
      "engines": {
        "node": ">=14.17"
      }
    }
  }
}
